// !$*UTF8*$!
{
	archiveVersion = 1;
	classes = {
	};
	objectVersion = 46;
	objects = {

/* Begin PBXBuildFile section */
		08737D361B60163C001AB80D /* images-2.png in Resources */ = {isa = PBXBuildFile; fileRef = 08737D351B60163C001AB80D /* images-2.png */; };
		08BE0C071B540779006BB2DC /* Charts.framework in Frameworks */ = {isa = PBXBuildFile; fileRef = 08BE0C061B540696006BB2DC /* Charts.framework */; };
		08BE0C081B540779006BB2DC /* Charts.framework in Embed Frameworks */ = {isa = PBXBuildFile; fileRef = 08BE0C061B540696006BB2DC /* Charts.framework */; settings = {ATTRIBUTES = (CodeSignOnCopy, RemoveHeadersOnCopy, ); }; };
		08BE0C0E1B541E08006BB2DC /* MateriaTeste1ViewController.swift in Sources */ = {isa = PBXBuildFile; fileRef = 08BE0C0D1B541E08006BB2DC /* MateriaTeste1ViewController.swift */; };
		08BE0C111B542138006BB2DC /* setaDir.jpg in Resources */ = {isa = PBXBuildFile; fileRef = 08BE0C0F1B542138006BB2DC /* setaDir.jpg */; };
		08BE0C121B542138006BB2DC /* setaEsq.jpg in Resources */ = {isa = PBXBuildFile; fileRef = 08BE0C101B542138006BB2DC /* setaEsq.jpg */; };
		08BE0C161B56D276006BB2DC /* SubjectsCollectionCells.swift in Sources */ = {isa = PBXBuildFile; fileRef = 08BE0C151B56D276006BB2DC /* SubjectsCollectionCells.swift */; };
		3F4203F31B46E96F00AB519D /* AppDelegate.swift in Sources */ = {isa = PBXBuildFile; fileRef = 3F4203F21B46E96F00AB519D /* AppDelegate.swift */; };
		3F4203F61B46E96F00AB519D /* JodApp.xcdatamodeld in Sources */ = {isa = PBXBuildFile; fileRef = 3F4203F41B46E96F00AB519D /* JodApp.xcdatamodeld */; };
		3F4203F81B46E96F00AB519D /* ChronometerViewController.swift in Sources */ = {isa = PBXBuildFile; fileRef = 3F4203F71B46E96F00AB519D /* ChronometerViewController.swift */; };
		3F4203FB1B46E96F00AB519D /* Main.storyboard in Resources */ = {isa = PBXBuildFile; fileRef = 3F4203F91B46E96F00AB519D /* Main.storyboard */; };
		3F4203FD1B46E96F00AB519D /* Images.xcassets in Resources */ = {isa = PBXBuildFile; fileRef = 3F4203FC1B46E96F00AB519D /* Images.xcassets */; };
		3F4204001B46E96F00AB519D /* LaunchScreen.xib in Resources */ = {isa = PBXBuildFile; fileRef = 3F4203FE1B46E96F00AB519D /* LaunchScreen.xib */; };
		3F42040C1B46E96F00AB519D /* JodAppTests.swift in Sources */ = {isa = PBXBuildFile; fileRef = 3F42040B1B46E96F00AB519D /* JodAppTests.swift */; };
		3F5156331B6953AD00461993 /* ButtonsCollectionView.swift in Sources */ = {isa = PBXBuildFile; fileRef = 3F5156321B6953AD00461993 /* ButtonsCollectionView.swift */; };
		3FE304081B5EC6BE008544CD /* HSStudent.swift in Sources */ = {isa = PBXBuildFile; fileRef = 3FE304071B5EC6BE008544CD /* HSStudent.swift */; };
		3FE332911B58099400908CBE /* GraficoCirculoViewController.swift in Sources */ = {isa = PBXBuildFile; fileRef = 3FE332901B58099400908CBE /* GraficoCirculoViewController.swift */; };
		3FE332951B581DE900908CBE /* GraphicsCollectionViewCell.swift in Sources */ = {isa = PBXBuildFile; fileRef = 3FE332941B581DE900908CBE /* GraphicsCollectionViewCell.swift */; };
		3FE70BF61B4D46C100BFD1DC /* AudioToolbox.framework in Frameworks */ = {isa = PBXBuildFile; fileRef = 3FE70BF51B4D46C100BFD1DC /* AudioToolbox.framework */; };
		3FE70BF81B4D46C900BFD1DC /* CFNetwork.framework in Frameworks */ = {isa = PBXBuildFile; fileRef = 3FE70BF71B4D46C900BFD1DC /* CFNetwork.framework */; };
		3FE70BFA1B4D472500BFD1DC /* CoreLocation.framework in Frameworks */ = {isa = PBXBuildFile; fileRef = 3FE70BF91B4D472500BFD1DC /* CoreLocation.framework */; };
		3FE70BFC1B4D472D00BFD1DC /* MobileCoreServices.framework in Frameworks */ = {isa = PBXBuildFile; fileRef = 3FE70BFB1B4D472D00BFD1DC /* MobileCoreServices.framework */; };
		3FE70BFE1B4D473800BFD1DC /* QuartzCore.framework in Frameworks */ = {isa = PBXBuildFile; fileRef = 3FE70BFD1B4D473800BFD1DC /* QuartzCore.framework */; };
		3FE70C001B4D474100BFD1DC /* Security.framework in Frameworks */ = {isa = PBXBuildFile; fileRef = 3FE70BFF1B4D474100BFD1DC /* Security.framework */; };
		3FE70C021B4D474D00BFD1DC /* StoreKit.framework in Frameworks */ = {isa = PBXBuildFile; fileRef = 3FE70C011B4D474D00BFD1DC /* StoreKit.framework */; };
		3FE70C041B4D475F00BFD1DC /* SystemConfiguration.framework in Frameworks */ = {isa = PBXBuildFile; fileRef = 3FE70C031B4D475F00BFD1DC /* SystemConfiguration.framework */; };
		3FE70C061B4D476C00BFD1DC /* libsqlite3.dylib in Frameworks */ = {isa = PBXBuildFile; fileRef = 3FE70C051B4D476C00BFD1DC /* libsqlite3.dylib */; };
		3FE70C081B4D477800BFD1DC /* libz.dylib in Frameworks */ = {isa = PBXBuildFile; fileRef = 3FE70C071B4D477800BFD1DC /* libz.dylib */; };
		3FE70C0A1B4D478400BFD1DC /* Accounts.framework in Frameworks */ = {isa = PBXBuildFile; fileRef = 3FE70C091B4D478400BFD1DC /* Accounts.framework */; };
		3FE70C0C1B4D478F00BFD1DC /* Social.framework in Frameworks */ = {isa = PBXBuildFile; fileRef = 3FE70C0B1B4D478F00BFD1DC /* Social.framework */; };
		3FE70C0E1B4D487E00BFD1DC /* LoginViewController.swift in Sources */ = {isa = PBXBuildFile; fileRef = 3FE70C0D1B4D487E00BFD1DC /* LoginViewController.swift */; };
		3FE70C161B4D492E00BFD1DC /* Bolts.framework in Frameworks */ = {isa = PBXBuildFile; fileRef = 3FE70C101B4D48FD00BFD1DC /* Bolts.framework */; };
		3FE70C171B4D494E00BFD1DC /* Parse.framework in Frameworks */ = {isa = PBXBuildFile; fileRef = 3FE70C111B4D48FD00BFD1DC /* Parse.framework */; };
		3FE70C181B4D494E00BFD1DC /* ParseUI.framework in Frameworks */ = {isa = PBXBuildFile; fileRef = 3FE70C151B4D48FD00BFD1DC /* ParseUI.framework */; };
		3FE70C191B4D498C00BFD1DC /* ParseCrashReporting.framework in Frameworks */ = {isa = PBXBuildFile; fileRef = 3FE70C121B4D48FD00BFD1DC /* ParseCrashReporting.framework */; };
		3FE70C1A1B4D498C00BFD1DC /* ParseFacebookUtils.framework in Frameworks */ = {isa = PBXBuildFile; fileRef = 3FE70C131B4D48FD00BFD1DC /* ParseFacebookUtils.framework */; };
		3FE70C1B1B4D498C00BFD1DC /* ParseFacebookUtilsV4.framework in Frameworks */ = {isa = PBXBuildFile; fileRef = 3FE70C141B4D48FD00BFD1DC /* ParseFacebookUtilsV4.framework */; };
		5F226F721B4D6BFA0063B326 /* SignInViewController.swift in Sources */ = {isa = PBXBuildFile; fileRef = 5F226F711B4D6BFA0063B326 /* SignInViewController.swift */; };
		5F5FC24A1B694B420097EEBB /* tutorial.png in Resources */ = {isa = PBXBuildFile; fileRef = 5F5FC2491B694B420097EEBB /* tutorial.png */; };
		5F96AF611B543568008F3B89 /* Localizable.strings in Resources */ = {isa = PBXBuildFile; fileRef = 5F96AF631B543568008F3B89 /* Localizable.strings */; };
		5F96AF661B543568008F3B89 /* InfoPlist.strings in Resources */ = {isa = PBXBuildFile; fileRef = 5F96AF681B543568008F3B89 /* InfoPlist.strings */; };
		5F96AF6B1B543DCE008F3B89 /* Info.plist in Resources */ = {isa = PBXBuildFile; fileRef = 5F96AF6A1B543DCE008F3B89 /* Info.plist */; };
		5F96AF6E1B544CE1008F3B89 /* unchecked_checkbox.png in Resources */ = {isa = PBXBuildFile; fileRef = 5F96AF6D1B544CE1008F3B89 /* unchecked_checkbox.png */; };
		5F96AF701B544CEE008F3B89 /* checked_checkbox.png in Resources */ = {isa = PBXBuildFile; fileRef = 5F96AF6F1B544CEE008F3B89 /* checked_checkbox.png */; };
		5F9F8AB91B56C770007A41E6 /* TransitionManager.swift in Sources */ = {isa = PBXBuildFile; fileRef = 5F9F8AB81B56C770007A41E6 /* TransitionManager.swift */; };
		5F9F8ABC1B56CFB0007A41E6 /* MenuViewController.swift in Sources */ = {isa = PBXBuildFile; fileRef = 5F9F8ABB1B56CFB0007A41E6 /* MenuViewController.swift */; };
		5FA1ADF11B59394200E76358 /* TutorTableViewController.swift in Sources */ = {isa = PBXBuildFile; fileRef = 5FA1ADF01B59394200E76358 /* TutorTableViewController.swift */; };
/* End PBXBuildFile section */

/* Begin PBXContainerItemProxy section */
		08BE0C051B540696006BB2DC /* PBXContainerItemProxy */ = {
			isa = PBXContainerItemProxy;
			containerPortal = 08BE0C011B540696006BB2DC /* Charts.xcodeproj */;
			proxyType = 2;
			remoteGlobalIDString = 5BA8EC401A9D14DC00CE82E1;
			remoteInfo = Charts;
		};
		08BE0C091B540779006BB2DC /* PBXContainerItemProxy */ = {
			isa = PBXContainerItemProxy;
			containerPortal = 08BE0C011B540696006BB2DC /* Charts.xcodeproj */;
			proxyType = 1;
			remoteGlobalIDString = 5BA8EC3F1A9D14DC00CE82E1;
			remoteInfo = Charts;
		};
		3F4204061B46E96F00AB519D /* PBXContainerItemProxy */ = {
			isa = PBXContainerItemProxy;
			containerPortal = 3F4203E51B46E96F00AB519D /* Project object */;
			proxyType = 1;
			remoteGlobalIDString = 3F4203EC1B46E96F00AB519D;
			remoteInfo = JodApp;
		};
/* End PBXContainerItemProxy section */

/* Begin PBXCopyFilesBuildPhase section */
		08BE0C0B1B540779006BB2DC /* Embed Frameworks */ = {
			isa = PBXCopyFilesBuildPhase;
			buildActionMask = 2147483647;
			dstPath = "";
			dstSubfolderSpec = 10;
			files = (
				08BE0C081B540779006BB2DC /* Charts.framework in Embed Frameworks */,
			);
			name = "Embed Frameworks";
			runOnlyForDeploymentPostprocessing = 0;
		};
/* End PBXCopyFilesBuildPhase section */

/* Begin PBXFileReference section */
		08737D351B60163C001AB80D /* images-2.png */ = {isa = PBXFileReference; lastKnownFileType = image.png; path = "images-2.png"; sourceTree = "<group>"; };
		08BE0C011B540696006BB2DC /* Charts.xcodeproj */ = {isa = PBXFileReference; lastKnownFileType = "wrapper.pb-project"; name = Charts.xcodeproj; path = Charts/Charts.xcodeproj; sourceTree = SOURCE_ROOT; };
		08BE0C0D1B541E08006BB2DC /* MateriaTeste1ViewController.swift */ = {isa = PBXFileReference; fileEncoding = 4; lastKnownFileType = sourcecode.swift; path = MateriaTeste1ViewController.swift; sourceTree = "<group>"; };
		08BE0C0F1B542138006BB2DC /* setaDir.jpg */ = {isa = PBXFileReference; lastKnownFileType = image.jpeg; path = setaDir.jpg; sourceTree = "<group>"; };
		08BE0C101B542138006BB2DC /* setaEsq.jpg */ = {isa = PBXFileReference; lastKnownFileType = image.jpeg; path = setaEsq.jpg; sourceTree = "<group>"; };
		08BE0C151B56D276006BB2DC /* SubjectsCollectionCells.swift */ = {isa = PBXFileReference; fileEncoding = 4; lastKnownFileType = sourcecode.swift; path = SubjectsCollectionCells.swift; sourceTree = "<group>"; };
		3F4203ED1B46E96F00AB519D /* JodApp.app */ = {isa = PBXFileReference; explicitFileType = wrapper.application; includeInIndex = 0; path = JodApp.app; sourceTree = BUILT_PRODUCTS_DIR; };
		3F4203F11B46E96F00AB519D /* Info.plist */ = {isa = PBXFileReference; lastKnownFileType = text.plist.xml; path = Info.plist; sourceTree = "<group>"; };
		3F4203F21B46E96F00AB519D /* AppDelegate.swift */ = {isa = PBXFileReference; lastKnownFileType = sourcecode.swift; path = AppDelegate.swift; sourceTree = "<group>"; };
		3F4203F51B46E96F00AB519D /* JodApp.xcdatamodel */ = {isa = PBXFileReference; lastKnownFileType = wrapper.xcdatamodel; path = JodApp.xcdatamodel; sourceTree = "<group>"; };
		3F4203F71B46E96F00AB519D /* ChronometerViewController.swift */ = {isa = PBXFileReference; lastKnownFileType = sourcecode.swift; path = ChronometerViewController.swift; sourceTree = "<group>"; };
		3F4203FA1B46E96F00AB519D /* Base */ = {isa = PBXFileReference; lastKnownFileType = file.storyboard; name = Base; path = Base.lproj/Main.storyboard; sourceTree = "<group>"; };
		3F4203FC1B46E96F00AB519D /* Images.xcassets */ = {isa = PBXFileReference; lastKnownFileType = folder.assetcatalog; path = Images.xcassets; sourceTree = "<group>"; };
		3F4203FF1B46E96F00AB519D /* Base */ = {isa = PBXFileReference; lastKnownFileType = file.xib; name = Base; path = Base.lproj/LaunchScreen.xib; sourceTree = "<group>"; };
		3F4204051B46E96F00AB519D /* JodAppTests.xctest */ = {isa = PBXFileReference; explicitFileType = wrapper.cfbundle; includeInIndex = 0; path = JodAppTests.xctest; sourceTree = BUILT_PRODUCTS_DIR; };
		3F42040B1B46E96F00AB519D /* JodAppTests.swift */ = {isa = PBXFileReference; lastKnownFileType = sourcecode.swift; path = JodAppTests.swift; sourceTree = "<group>"; };
		3F5156321B6953AD00461993 /* ButtonsCollectionView.swift */ = {isa = PBXFileReference; fileEncoding = 4; lastKnownFileType = sourcecode.swift; path = ButtonsCollectionView.swift; sourceTree = "<group>"; };
		3FE304071B5EC6BE008544CD /* HSStudent.swift */ = {isa = PBXFileReference; fileEncoding = 4; lastKnownFileType = sourcecode.swift; path = HSStudent.swift; sourceTree = "<group>"; };
		3FE332901B58099400908CBE /* GraficoCirculoViewController.swift */ = {isa = PBXFileReference; fileEncoding = 4; lastKnownFileType = sourcecode.swift; name = GraficoCirculoViewController.swift; path = ../GraficoCirculoViewController.swift; sourceTree = "<group>"; };
		3FE332941B581DE900908CBE /* GraphicsCollectionViewCell.swift */ = {isa = PBXFileReference; fileEncoding = 4; lastKnownFileType = sourcecode.swift; name = GraphicsCollectionViewCell.swift; path = ../GraphicsCollectionViewCell.swift; sourceTree = "<group>"; };
		3FE70BF51B4D46C100BFD1DC /* AudioToolbox.framework */ = {isa = PBXFileReference; lastKnownFileType = wrapper.framework; name = AudioToolbox.framework; path = System/Library/Frameworks/AudioToolbox.framework; sourceTree = SDKROOT; };
		3FE70BF71B4D46C900BFD1DC /* CFNetwork.framework */ = {isa = PBXFileReference; lastKnownFileType = wrapper.framework; name = CFNetwork.framework; path = System/Library/Frameworks/CFNetwork.framework; sourceTree = SDKROOT; };
		3FE70BF91B4D472500BFD1DC /* CoreLocation.framework */ = {isa = PBXFileReference; lastKnownFileType = wrapper.framework; name = CoreLocation.framework; path = System/Library/Frameworks/CoreLocation.framework; sourceTree = SDKROOT; };
		3FE70BFB1B4D472D00BFD1DC /* MobileCoreServices.framework */ = {isa = PBXFileReference; lastKnownFileType = wrapper.framework; name = MobileCoreServices.framework; path = System/Library/Frameworks/MobileCoreServices.framework; sourceTree = SDKROOT; };
		3FE70BFD1B4D473800BFD1DC /* QuartzCore.framework */ = {isa = PBXFileReference; lastKnownFileType = wrapper.framework; name = QuartzCore.framework; path = System/Library/Frameworks/QuartzCore.framework; sourceTree = SDKROOT; };
		3FE70BFF1B4D474100BFD1DC /* Security.framework */ = {isa = PBXFileReference; lastKnownFileType = wrapper.framework; name = Security.framework; path = System/Library/Frameworks/Security.framework; sourceTree = SDKROOT; };
		3FE70C011B4D474D00BFD1DC /* StoreKit.framework */ = {isa = PBXFileReference; lastKnownFileType = wrapper.framework; name = StoreKit.framework; path = System/Library/Frameworks/StoreKit.framework; sourceTree = SDKROOT; };
		3FE70C031B4D475F00BFD1DC /* SystemConfiguration.framework */ = {isa = PBXFileReference; lastKnownFileType = wrapper.framework; name = SystemConfiguration.framework; path = System/Library/Frameworks/SystemConfiguration.framework; sourceTree = SDKROOT; };
		3FE70C051B4D476C00BFD1DC /* libsqlite3.dylib */ = {isa = PBXFileReference; lastKnownFileType = "compiled.mach-o.dylib"; name = libsqlite3.dylib; path = usr/lib/libsqlite3.dylib; sourceTree = SDKROOT; };
		3FE70C071B4D477800BFD1DC /* libz.dylib */ = {isa = PBXFileReference; lastKnownFileType = "compiled.mach-o.dylib"; name = libz.dylib; path = usr/lib/libz.dylib; sourceTree = SDKROOT; };
		3FE70C091B4D478400BFD1DC /* Accounts.framework */ = {isa = PBXFileReference; lastKnownFileType = wrapper.framework; name = Accounts.framework; path = System/Library/Frameworks/Accounts.framework; sourceTree = SDKROOT; };
		3FE70C0B1B4D478F00BFD1DC /* Social.framework */ = {isa = PBXFileReference; lastKnownFileType = wrapper.framework; name = Social.framework; path = System/Library/Frameworks/Social.framework; sourceTree = SDKROOT; };
		3FE70C0D1B4D487E00BFD1DC /* LoginViewController.swift */ = {isa = PBXFileReference; fileEncoding = 4; lastKnownFileType = sourcecode.swift; path = LoginViewController.swift; sourceTree = "<group>"; };
		3FE70C101B4D48FD00BFD1DC /* Bolts.framework */ = {isa = PBXFileReference; lastKnownFileType = wrapper.framework; path = Bolts.framework; sourceTree = "<group>"; };
		3FE70C111B4D48FD00BFD1DC /* Parse.framework */ = {isa = PBXFileReference; lastKnownFileType = wrapper.framework; path = Parse.framework; sourceTree = "<group>"; };
		3FE70C121B4D48FD00BFD1DC /* ParseCrashReporting.framework */ = {isa = PBXFileReference; lastKnownFileType = wrapper.framework; path = ParseCrashReporting.framework; sourceTree = "<group>"; };
		3FE70C131B4D48FD00BFD1DC /* ParseFacebookUtils.framework */ = {isa = PBXFileReference; lastKnownFileType = wrapper.framework; path = ParseFacebookUtils.framework; sourceTree = "<group>"; };
		3FE70C141B4D48FD00BFD1DC /* ParseFacebookUtilsV4.framework */ = {isa = PBXFileReference; lastKnownFileType = wrapper.framework; path = ParseFacebookUtilsV4.framework; sourceTree = "<group>"; };
		3FE70C151B4D48FD00BFD1DC /* ParseUI.framework */ = {isa = PBXFileReference; lastKnownFileType = wrapper.framework; path = ParseUI.framework; sourceTree = "<group>"; };
		5F226F711B4D6BFA0063B326 /* SignInViewController.swift */ = {isa = PBXFileReference; fileEncoding = 4; lastKnownFileType = sourcecode.swift; path = SignInViewController.swift; sourceTree = "<group>"; };
		5F5FC2491B694B420097EEBB /* tutorial.png */ = {isa = PBXFileReference; lastKnownFileType = image.png; path = tutorial.png; sourceTree = "<group>"; };
		5F96AF591B54319F008F3B89 /* pt */ = {isa = PBXFileReference; lastKnownFileType = text.plist.strings; name = pt; path = pt.lproj/Main.strings; sourceTree = "<group>"; };
		5F96AF5A1B54319F008F3B89 /* pt */ = {isa = PBXFileReference; lastKnownFileType = text.plist.strings; name = pt; path = pt.lproj/LaunchScreen.strings; sourceTree = "<group>"; };
		5F96AF621B543568008F3B89 /* pt */ = {isa = PBXFileReference; lastKnownFileType = text.plist.strings; name = pt; path = pt.lproj/Localizable.strings; sourceTree = "<group>"; };
		5F96AF671B543568008F3B89 /* pt */ = {isa = PBXFileReference; lastKnownFileType = text.plist.strings; name = pt; path = pt.lproj/InfoPlist.strings; sourceTree = "<group>"; };
		5F96AF6A1B543DCE008F3B89 /* Info.plist */ = {isa = PBXFileReference; fileEncoding = 4; lastKnownFileType = text.plist.xml; path = Info.plist; sourceTree = "<group>"; };
		5F96AF6D1B544CE1008F3B89 /* unchecked_checkbox.png */ = {isa = PBXFileReference; lastKnownFileType = image.png; path = unchecked_checkbox.png; sourceTree = "<group>"; };
		5F96AF6F1B544CEE008F3B89 /* checked_checkbox.png */ = {isa = PBXFileReference; lastKnownFileType = image.png; path = checked_checkbox.png; sourceTree = "<group>"; };
		5F9F8AB81B56C770007A41E6 /* TransitionManager.swift */ = {isa = PBXFileReference; fileEncoding = 4; lastKnownFileType = sourcecode.swift; path = TransitionManager.swift; sourceTree = "<group>"; };
		5F9F8ABB1B56CFB0007A41E6 /* MenuViewController.swift */ = {isa = PBXFileReference; fileEncoding = 4; lastKnownFileType = sourcecode.swift; path = MenuViewController.swift; sourceTree = "<group>"; };
		5FA1ADF01B59394200E76358 /* TutorTableViewController.swift */ = {isa = PBXFileReference; fileEncoding = 4; lastKnownFileType = sourcecode.swift; name = TutorTableViewController.swift; path = ../TutorTableViewController.swift; sourceTree = "<group>"; };
/* End PBXFileReference section */

/* Begin PBXFrameworksBuildPhase section */
		3F4203EA1B46E96F00AB519D /* Frameworks */ = {
			isa = PBXFrameworksBuildPhase;
			buildActionMask = 2147483647;
			files = (
				3FE70C191B4D498C00BFD1DC /* ParseCrashReporting.framework in Frameworks */,
				3FE70C1A1B4D498C00BFD1DC /* ParseFacebookUtils.framework in Frameworks */,
				3FE70C1B1B4D498C00BFD1DC /* ParseFacebookUtilsV4.framework in Frameworks */,
				3FE70C171B4D494E00BFD1DC /* Parse.framework in Frameworks */,
				08BE0C071B540779006BB2DC /* Charts.framework in Frameworks */,
				3FE70C181B4D494E00BFD1DC /* ParseUI.framework in Frameworks */,
				3FE70C161B4D492E00BFD1DC /* Bolts.framework in Frameworks */,
				3FE70C0C1B4D478F00BFD1DC /* Social.framework in Frameworks */,
				3FE70C0A1B4D478400BFD1DC /* Accounts.framework in Frameworks */,
				3FE70C081B4D477800BFD1DC /* libz.dylib in Frameworks */,
				3FE70C061B4D476C00BFD1DC /* libsqlite3.dylib in Frameworks */,
				3FE70C041B4D475F00BFD1DC /* SystemConfiguration.framework in Frameworks */,
				3FE70C021B4D474D00BFD1DC /* StoreKit.framework in Frameworks */,
				3FE70C001B4D474100BFD1DC /* Security.framework in Frameworks */,
				3FE70BFE1B4D473800BFD1DC /* QuartzCore.framework in Frameworks */,
				3FE70BFC1B4D472D00BFD1DC /* MobileCoreServices.framework in Frameworks */,
				3FE70BFA1B4D472500BFD1DC /* CoreLocation.framework in Frameworks */,
				3FE70BF81B4D46C900BFD1DC /* CFNetwork.framework in Frameworks */,
				3FE70BF61B4D46C100BFD1DC /* AudioToolbox.framework in Frameworks */,
			);
			runOnlyForDeploymentPostprocessing = 0;
		};
		3F4204021B46E96F00AB519D /* Frameworks */ = {
			isa = PBXFrameworksBuildPhase;
			buildActionMask = 2147483647;
			files = (
			);
			runOnlyForDeploymentPostprocessing = 0;
		};
/* End PBXFrameworksBuildPhase section */

/* Begin PBXGroup section */
		08BE0C021B540696006BB2DC /* Products */ = {
			isa = PBXGroup;
			children = (
				08BE0C061B540696006BB2DC /* Charts.framework */,
			);
			name = Products;
			sourceTree = "<group>";
		};
		08BE0C131B542141006BB2DC /* Imagens */ = {
			isa = PBXGroup;
			children = (
				5F5FC2491B694B420097EEBB /* tutorial.png */,
				08737D351B60163C001AB80D /* images-2.png */,
				5F96AF6F1B544CEE008F3B89 /* checked_checkbox.png */,
				5F96AF6D1B544CE1008F3B89 /* unchecked_checkbox.png */,
				08BE0C101B542138006BB2DC /* setaEsq.jpg */,
				08BE0C0F1B542138006BB2DC /* setaDir.jpg */,
			);
			name = Imagens;
			sourceTree = "<group>";
		};
		3F4203E41B46E96F00AB519D = {
			isa = PBXGroup;
			children = (
				5F96AF6C1B543EB6008F3B89 /* Framework */,
				3F4203EF1B46E96F00AB519D /* JodApp */,
				3F4204081B46E96F00AB519D /* JodAppTests */,
				3F4203EE1B46E96F00AB519D /* Products */,
			);
			sourceTree = "<group>";
		};
		3F4203EE1B46E96F00AB519D /* Products */ = {
			isa = PBXGroup;
			children = (
				3F4203ED1B46E96F00AB519D /* JodApp.app */,
				3F4204051B46E96F00AB519D /* JodAppTests.xctest */,
			);
			name = Products;
			sourceTree = "<group>";
		};
		3F4203EF1B46E96F00AB519D /* JodApp */ = {
			isa = PBXGroup;
			children = (
				3FE304071B5EC6BE008544CD /* HSStudent.swift */,
				3F4203F21B46E96F00AB519D /* AppDelegate.swift */,
				5FA1ADF01B59394200E76358 /* TutorTableViewController.swift */,
				3FE70C0D1B4D487E00BFD1DC /* LoginViewController.swift */,
				5F9F8AB81B56C770007A41E6 /* TransitionManager.swift */,
				5F9F8ABB1B56CFB0007A41E6 /* MenuViewController.swift */,
				5F226F711B4D6BFA0063B326 /* SignInViewController.swift */,
				08BE0C151B56D276006BB2DC /* SubjectsCollectionCells.swift */,
				3FE332941B581DE900908CBE /* GraphicsCollectionViewCell.swift */,
				3F5156321B6953AD00461993 /* ButtonsCollectionView.swift */,
				3F4203F71B46E96F00AB519D /* ChronometerViewController.swift */,
				08BE0C0D1B541E08006BB2DC /* MateriaTeste1ViewController.swift */,
				3FE332901B58099400908CBE /* GraficoCirculoViewController.swift */,
				3F4203F91B46E96F00AB519D /* Main.storyboard */,
				3F4203FC1B46E96F00AB519D /* Images.xcassets */,
				3F4203FE1B46E96F00AB519D /* LaunchScreen.xib */,
				3F4203F41B46E96F00AB519D /* JodApp.xcdatamodeld */,
				3F4203F01B46E96F00AB519D /* Supporting Files */,
			);
			path = JodApp;
			sourceTree = "<group>";
		};
		3F4203F01B46E96F00AB519D /* Supporting Files */ = {
			isa = PBXGroup;
			children = (
				5F96AF681B543568008F3B89 /* InfoPlist.strings */,
				5F96AF631B543568008F3B89 /* Localizable.strings */,
				08BE0C131B542141006BB2DC /* Imagens */,
				08BE0C011B540696006BB2DC /* Charts.xcodeproj */,
				3F4203F11B46E96F00AB519D /* Info.plist */,
			);
			name = "Supporting Files";
			sourceTree = "<group>";
		};
		3F4204081B46E96F00AB519D /* JodAppTests */ = {
			isa = PBXGroup;
			children = (
				3F42040B1B46E96F00AB519D /* JodAppTests.swift */,
				3F4204091B46E96F00AB519D /* Supporting Files */,
			);
			path = JodAppTests;
			sourceTree = "<group>";
		};
		3F4204091B46E96F00AB519D /* Supporting Files */ = {
			isa = PBXGroup;
			children = (
				5F96AF6A1B543DCE008F3B89 /* Info.plist */,
			);
			name = "Supporting Files";
			sourceTree = "<group>";
		};
		3FE70C0F1B4D48FD00BFD1DC /* parse-library-1 */ = {
			isa = PBXGroup;
			children = (
				3FE70C101B4D48FD00BFD1DC /* Bolts.framework */,
				3FE70C111B4D48FD00BFD1DC /* Parse.framework */,
				3FE70C121B4D48FD00BFD1DC /* ParseCrashReporting.framework */,
				3FE70C131B4D48FD00BFD1DC /* ParseFacebookUtils.framework */,
				3FE70C141B4D48FD00BFD1DC /* ParseFacebookUtilsV4.framework */,
				3FE70C151B4D48FD00BFD1DC /* ParseUI.framework */,
			);
			name = "parse-library-1";
			path = "JodApp/parse-library-1";
			sourceTree = "<group>";
		};
		5F96AF6C1B543EB6008F3B89 /* Framework */ = {
			isa = PBXGroup;
			children = (
				3FE70C0F1B4D48FD00BFD1DC /* parse-library-1 */,
				3FE70C0B1B4D478F00BFD1DC /* Social.framework */,
				3FE70C091B4D478400BFD1DC /* Accounts.framework */,
				3FE70C071B4D477800BFD1DC /* libz.dylib */,
				3FE70C051B4D476C00BFD1DC /* libsqlite3.dylib */,
				3FE70C031B4D475F00BFD1DC /* SystemConfiguration.framework */,
				3FE70C011B4D474D00BFD1DC /* StoreKit.framework */,
				3FE70BFF1B4D474100BFD1DC /* Security.framework */,
				3FE70BFD1B4D473800BFD1DC /* QuartzCore.framework */,
				3FE70BFB1B4D472D00BFD1DC /* MobileCoreServices.framework */,
				3FE70BF91B4D472500BFD1DC /* CoreLocation.framework */,
				3FE70BF71B4D46C900BFD1DC /* CFNetwork.framework */,
				3FE70BF51B4D46C100BFD1DC /* AudioToolbox.framework */,
			);
			name = Framework;
			sourceTree = "<group>";
		};
/* End PBXGroup section */

/* Begin PBXNativeTarget section */
		3F4203EC1B46E96F00AB519D /* JodApp */ = {
			isa = PBXNativeTarget;
			buildConfigurationList = 3F42040F1B46E96F00AB519D /* Build configuration list for PBXNativeTarget "JodApp" */;
			buildPhases = (
				3F4203E91B46E96F00AB519D /* Sources */,
				3F4203EA1B46E96F00AB519D /* Frameworks */,
				3F4203EB1B46E96F00AB519D /* Resources */,
				08BE0C0B1B540779006BB2DC /* Embed Frameworks */,
			);
			buildRules = (
			);
			dependencies = (
				08BE0C0A1B540779006BB2DC /* PBXTargetDependency */,
			);
			name = JodApp;
			productName = JodApp;
			productReference = 3F4203ED1B46E96F00AB519D /* JodApp.app */;
			productType = "com.apple.product-type.application";
		};
		3F4204041B46E96F00AB519D /* JodAppTests */ = {
			isa = PBXNativeTarget;
			buildConfigurationList = 3F4204121B46E96F00AB519D /* Build configuration list for PBXNativeTarget "JodAppTests" */;
			buildPhases = (
				3F4204011B46E96F00AB519D /* Sources */,
				3F4204021B46E96F00AB519D /* Frameworks */,
				3F4204031B46E96F00AB519D /* Resources */,
			);
			buildRules = (
			);
			dependencies = (
				3F4204071B46E96F00AB519D /* PBXTargetDependency */,
			);
			name = JodAppTests;
			productName = JodAppTests;
			productReference = 3F4204051B46E96F00AB519D /* JodAppTests.xctest */;
			productType = "com.apple.product-type.bundle.unit-test";
		};
/* End PBXNativeTarget section */

/* Begin PBXProject section */
		3F4203E51B46E96F00AB519D /* Project object */ = {
			isa = PBXProject;
			attributes = {
				LastUpgradeCheck = 0640;
				ORGANIZATIONNAME = "Lucas Coiado Mota";
				TargetAttributes = {
					3F4203EC1B46E96F00AB519D = {
						CreatedOnToolsVersion = 6.4;
					};
					3F4204041B46E96F00AB519D = {
						CreatedOnToolsVersion = 6.4;
						TestTargetID = 3F4203EC1B46E96F00AB519D;
					};
				};
			};
			buildConfigurationList = 3F4203E81B46E96F00AB519D /* Build configuration list for PBXProject "JodApp" */;
			compatibilityVersion = "Xcode 3.2";
			developmentRegion = English;
			hasScannedForEncodings = 0;
			knownRegions = (
				en,
				Base,
				pt,
			);
			mainGroup = 3F4203E41B46E96F00AB519D;
			productRefGroup = 3F4203EE1B46E96F00AB519D /* Products */;
			projectDirPath = "";
			projectReferences = (
				{
					ProductGroup = 08BE0C021B540696006BB2DC /* Products */;
					ProjectRef = 08BE0C011B540696006BB2DC /* Charts.xcodeproj */;
				},
			);
			projectRoot = "";
			targets = (
				3F4203EC1B46E96F00AB519D /* JodApp */,
				3F4204041B46E96F00AB519D /* JodAppTests */,
			);
		};
/* End PBXProject section */

/* Begin PBXReferenceProxy section */
		08BE0C061B540696006BB2DC /* Charts.framework */ = {
			isa = PBXReferenceProxy;
			fileType = wrapper.framework;
			path = Charts.framework;
			remoteRef = 08BE0C051B540696006BB2DC /* PBXContainerItemProxy */;
			sourceTree = BUILT_PRODUCTS_DIR;
		};
/* End PBXReferenceProxy section */

/* Begin PBXResourcesBuildPhase section */
		3F4203EB1B46E96F00AB519D /* Resources */ = {
			isa = PBXResourcesBuildPhase;
			buildActionMask = 2147483647;
			files = (
				08BE0C121B542138006BB2DC /* setaEsq.jpg in Resources */,
				5F96AF701B544CEE008F3B89 /* checked_checkbox.png in Resources */,
				5F96AF6E1B544CE1008F3B89 /* unchecked_checkbox.png in Resources */,
				5F96AF661B543568008F3B89 /* InfoPlist.strings in Resources */,
				08737D361B60163C001AB80D /* images-2.png in Resources */,
				5F96AF611B543568008F3B89 /* Localizable.strings in Resources */,
				3F4203FB1B46E96F00AB519D /* Main.storyboard in Resources */,
				3F4204001B46E96F00AB519D /* LaunchScreen.xib in Resources */,
				08BE0C111B542138006BB2DC /* setaDir.jpg in Resources */,
				3F4203FD1B46E96F00AB519D /* Images.xcassets in Resources */,
				5F5FC24A1B694B420097EEBB /* tutorial.png in Resources */,
			);
			runOnlyForDeploymentPostprocessing = 0;
		};
		3F4204031B46E96F00AB519D /* Resources */ = {
			isa = PBXResourcesBuildPhase;
			buildActionMask = 2147483647;
			files = (
				5F96AF6B1B543DCE008F3B89 /* Info.plist in Resources */,
			);
			runOnlyForDeploymentPostprocessing = 0;
		};
/* End PBXResourcesBuildPhase section */

/* Begin PBXSourcesBuildPhase section */
		3F4203E91B46E96F00AB519D /* Sources */ = {
			isa = PBXSourcesBuildPhase;
			buildActionMask = 2147483647;
			files = (
				5F9F8AB91B56C770007A41E6 /* TransitionManager.swift in Sources */,
				08BE0C0E1B541E08006BB2DC /* MateriaTeste1ViewController.swift in Sources */,
				3FE70C0E1B4D487E00BFD1DC /* LoginViewController.swift in Sources */,
				3FE332951B581DE900908CBE /* GraphicsCollectionViewCell.swift in Sources */,
				3F4203F81B46E96F00AB519D /* ChronometerViewController.swift in Sources */,
				3FE304081B5EC6BE008544CD /* HSStudent.swift in Sources */,
				5F9F8ABC1B56CFB0007A41E6 /* MenuViewController.swift in Sources */,
				5FA1ADF11B59394200E76358 /* TutorTableViewController.swift in Sources */,
				3F4203F31B46E96F00AB519D /* AppDelegate.swift in Sources */,
				5F226F721B4D6BFA0063B326 /* SignInViewController.swift in Sources */,
				08BE0C161B56D276006BB2DC /* SubjectsCollectionCells.swift in Sources */,
				3FE332911B58099400908CBE /* GraficoCirculoViewController.swift in Sources */,
				3F5156331B6953AD00461993 /* ButtonsCollectionView.swift in Sources */,
				3F4203F61B46E96F00AB519D /* JodApp.xcdatamodeld in Sources */,
			);
			runOnlyForDeploymentPostprocessing = 0;
		};
		3F4204011B46E96F00AB519D /* Sources */ = {
			isa = PBXSourcesBuildPhase;
			buildActionMask = 2147483647;
			files = (
				3F42040C1B46E96F00AB519D /* JodAppTests.swift in Sources */,
			);
			runOnlyForDeploymentPostprocessing = 0;
		};
/* End PBXSourcesBuildPhase section */

/* Begin PBXTargetDependency section */
		08BE0C0A1B540779006BB2DC /* PBXTargetDependency */ = {
			isa = PBXTargetDependency;
			name = Charts;
			targetProxy = 08BE0C091B540779006BB2DC /* PBXContainerItemProxy */;
		};
		3F4204071B46E96F00AB519D /* PBXTargetDependency */ = {
			isa = PBXTargetDependency;
			target = 3F4203EC1B46E96F00AB519D /* JodApp */;
			targetProxy = 3F4204061B46E96F00AB519D /* PBXContainerItemProxy */;
		};
/* End PBXTargetDependency section */

/* Begin PBXVariantGroup section */
		3F4203F91B46E96F00AB519D /* Main.storyboard */ = {
			isa = PBXVariantGroup;
			children = (
				3F4203FA1B46E96F00AB519D /* Base */,
				5F96AF591B54319F008F3B89 /* pt */,
			);
			name = Main.storyboard;
			sourceTree = "<group>";
		};
		3F4203FE1B46E96F00AB519D /* LaunchScreen.xib */ = {
			isa = PBXVariantGroup;
			children = (
				3F4203FF1B46E96F00AB519D /* Base */,
				5F96AF5A1B54319F008F3B89 /* pt */,
			);
			name = LaunchScreen.xib;
			sourceTree = "<group>";
		};
		5F96AF631B543568008F3B89 /* Localizable.strings */ = {
			isa = PBXVariantGroup;
			children = (
				5F96AF621B543568008F3B89 /* pt */,
			);
			name = Localizable.strings;
			sourceTree = "<group>";
		};
		5F96AF681B543568008F3B89 /* InfoPlist.strings */ = {
			isa = PBXVariantGroup;
			children = (
				5F96AF671B543568008F3B89 /* pt */,
			);
			name = InfoPlist.strings;
			sourceTree = "<group>";
		};
/* End PBXVariantGroup section */

/* Begin XCBuildConfiguration section */
		3F42040D1B46E96F00AB519D /* Debug */ = {
			isa = XCBuildConfiguration;
			buildSettings = {
				ALWAYS_SEARCH_USER_PATHS = NO;
				CLANG_CXX_LANGUAGE_STANDARD = "gnu++0x";
				CLANG_CXX_LIBRARY = "libc++";
				CLANG_ENABLE_MODULES = YES;
				CLANG_ENABLE_OBJC_ARC = YES;
				CLANG_WARN_BOOL_CONVERSION = YES;
				CLANG_WARN_CONSTANT_CONVERSION = YES;
				CLANG_WARN_DIRECT_OBJC_ISA_USAGE = YES_ERROR;
				CLANG_WARN_EMPTY_BODY = YES;
				CLANG_WARN_ENUM_CONVERSION = YES;
				CLANG_WARN_INT_CONVERSION = YES;
				CLANG_WARN_OBJC_ROOT_CLASS = YES_ERROR;
				CLANG_WARN_UNREACHABLE_CODE = YES;
				CLANG_WARN__DUPLICATE_METHOD_MATCH = YES;
				"CODE_SIGN_IDENTITY[sdk=iphoneos*]" = "iPhone Developer";
				COPY_PHASE_STRIP = NO;
				DEBUG_INFORMATION_FORMAT = "dwarf-with-dsym";
				ENABLE_STRICT_OBJC_MSGSEND = YES;
				GCC_C_LANGUAGE_STANDARD = gnu99;
				GCC_DYNAMIC_NO_PIC = NO;
				GCC_NO_COMMON_BLOCKS = YES;
				GCC_OPTIMIZATION_LEVEL = 0;
				GCC_PREPROCESSOR_DEFINITIONS = (
					"DEBUG=1",
					"$(inherited)",
				);
				GCC_SYMBOLS_PRIVATE_EXTERN = NO;
				GCC_WARN_64_TO_32_BIT_CONVERSION = YES;
				GCC_WARN_ABOUT_RETURN_TYPE = YES_ERROR;
				GCC_WARN_UNDECLARED_SELECTOR = YES;
				GCC_WARN_UNINITIALIZED_AUTOS = YES_AGGRESSIVE;
				GCC_WARN_UNUSED_FUNCTION = YES;
				GCC_WARN_UNUSED_VARIABLE = YES;
				IPHONEOS_DEPLOYMENT_TARGET = 8.4;
				MTL_ENABLE_DEBUG_INFO = YES;
				ONLY_ACTIVE_ARCH = YES;
				SDKROOT = iphoneos;
				SWIFT_OPTIMIZATION_LEVEL = "-Onone";
			};
			name = Debug;
		};
		3F42040E1B46E96F00AB519D /* Release */ = {
			isa = XCBuildConfiguration;
			buildSettings = {
				ALWAYS_SEARCH_USER_PATHS = NO;
				CLANG_CXX_LANGUAGE_STANDARD = "gnu++0x";
				CLANG_CXX_LIBRARY = "libc++";
				CLANG_ENABLE_MODULES = YES;
				CLANG_ENABLE_OBJC_ARC = YES;
				CLANG_WARN_BOOL_CONVERSION = YES;
				CLANG_WARN_CONSTANT_CONVERSION = YES;
				CLANG_WARN_DIRECT_OBJC_ISA_USAGE = YES_ERROR;
				CLANG_WARN_EMPTY_BODY = YES;
				CLANG_WARN_ENUM_CONVERSION = YES;
				CLANG_WARN_INT_CONVERSION = YES;
				CLANG_WARN_OBJC_ROOT_CLASS = YES_ERROR;
				CLANG_WARN_UNREACHABLE_CODE = YES;
				CLANG_WARN__DUPLICATE_METHOD_MATCH = YES;
				"CODE_SIGN_IDENTITY[sdk=iphoneos*]" = "iPhone Developer";
				COPY_PHASE_STRIP = NO;
				DEBUG_INFORMATION_FORMAT = "dwarf-with-dsym";
				ENABLE_NS_ASSERTIONS = NO;
				ENABLE_STRICT_OBJC_MSGSEND = YES;
				GCC_C_LANGUAGE_STANDARD = gnu99;
				GCC_NO_COMMON_BLOCKS = YES;
				GCC_WARN_64_TO_32_BIT_CONVERSION = YES;
				GCC_WARN_ABOUT_RETURN_TYPE = YES_ERROR;
				GCC_WARN_UNDECLARED_SELECTOR = YES;
				GCC_WARN_UNINITIALIZED_AUTOS = YES_AGGRESSIVE;
				GCC_WARN_UNUSED_FUNCTION = YES;
				GCC_WARN_UNUSED_VARIABLE = YES;
				IPHONEOS_DEPLOYMENT_TARGET = 8.4;
				MTL_ENABLE_DEBUG_INFO = NO;
				SDKROOT = iphoneos;
				VALIDATE_PRODUCT = YES;
			};
			name = Release;
		};
		3F4204101B46E96F00AB519D /* Debug */ = {
			isa = XCBuildConfiguration;
			buildSettings = {
				ASSETCATALOG_COMPILER_APPICON_NAME = AppIcon;
				FRAMEWORK_SEARCH_PATHS = (
					"$(inherited)",
					"$(PROJECT_DIR)/JodApp/parse-library-1",
				);
				INFOPLIST_FILE = JodApp/Info.plist;
				IPHONEOS_DEPLOYMENT_TARGET = 8.3;
				LD_RUNPATH_SEARCH_PATHS = "$(inherited) @executable_path/Frameworks";
				PRODUCT_NAME = "$(TARGET_NAME)";
			};
			name = Debug;
		};
		3F4204111B46E96F00AB519D /* Release */ = {
			isa = XCBuildConfiguration;
			buildSettings = {
				ASSETCATALOG_COMPILER_APPICON_NAME = AppIcon;
				FRAMEWORK_SEARCH_PATHS = (
					"$(inherited)",
					"$(PROJECT_DIR)/JodApp/parse-library-1",
				);
				INFOPLIST_FILE = JodApp/Info.plist;
				IPHONEOS_DEPLOYMENT_TARGET = 8.3;
				LD_RUNPATH_SEARCH_PATHS = "$(inherited) @executable_path/Frameworks";
				PRODUCT_NAME = "$(TARGET_NAME)";
			};
			name = Release;
		};
		3F4204131B46E96F00AB519D /* Debug */ = {
			isa = XCBuildConfiguration;
			buildSettings = {
				BUNDLE_LOADER = "$(TEST_HOST)";
				FRAMEWORK_SEARCH_PATHS = (
					"$(SDKROOT)/Developer/Library/Frameworks",
					"$(inherited)",
				);
				GCC_PREPROCESSOR_DEFINITIONS = (
					"DEBUG=1",
					"$(inherited)",
				);
				INFOPLIST_FILE = JodAppTests/Info.plist;
				LD_RUNPATH_SEARCH_PATHS = "$(inherited) @executable_path/Frameworks @loader_path/Frameworks";
				PRODUCT_NAME = "$(TARGET_NAME)";
				TEST_HOST = "$(BUILT_PRODUCTS_DIR)/JodApp.app/JodApp";
			};
			name = Debug;
		};
		3F4204141B46E96F00AB519D /* Release */ = {
			isa = XCBuildConfiguration;
			buildSettings = {
				BUNDLE_LOADER = "$(TEST_HOST)";
				FRAMEWORK_SEARCH_PATHS = (
					"$(SDKROOT)/Developer/Library/Frameworks",
					"$(inherited)",
				);
				INFOPLIST_FILE = JodAppTests/Info.plist;
				LD_RUNPATH_SEARCH_PATHS = "$(inherited) @executable_path/Frameworks @loader_path/Frameworks";
				PRODUCT_NAME = "$(TARGET_NAME)";
				TEST_HOST = "$(BUILT_PRODUCTS_DIR)/JodApp.app/JodApp";
			};
			name = Release;
		};
/* End XCBuildConfiguration section */

/* Begin XCConfigurationList section */
		3F4203E81B46E96F00AB519D /* Build configuration list for PBXProject "JodApp" */ = {
			isa = XCConfigurationList;
			buildConfigurations = (
				3F42040D1B46E96F00AB519D /* Debug */,
				3F42040E1B46E96F00AB519D /* Release */,
			);
			defaultConfigurationIsVisible = 0;
			defaultConfigurationName = Release;
		};
		3F42040F1B46E96F00AB519D /* Build configuration list for PBXNativeTarget "JodApp" */ = {
			isa = XCConfigurationList;
			buildConfigurations = (
				3F4204101B46E96F00AB519D /* Debug */,
				3F4204111B46E96F00AB519D /* Release */,
			);
			defaultConfigurationIsVisible = 0;
			defaultConfigurationName = Release;
		};
		3F4204121B46E96F00AB519D /* Build configuration list for PBXNativeTarget "JodAppTests" */ = {
			isa = XCConfigurationList;
			buildConfigurations = (
				3F4204131B46E96F00AB519D /* Debug */,
				3F4204141B46E96F00AB519D /* Release */,
			);
			defaultConfigurationIsVisible = 0;
			defaultConfigurationName = Release;
		};
/* End XCConfigurationList section */

/* Begin XCVersionGroup section */
		3F4203F41B46E96F00AB519D /* JodApp.xcdatamodeld */ = {
			isa = XCVersionGroup;
			children = (
				3F4203F51B46E96F00AB519D /* JodApp.xcdatamodel */,
			);
			currentVersion = 3F4203F51B46E96F00AB519D /* JodApp.xcdatamodel */;
			path = JodApp.xcdatamodeld;
			sourceTree = "<group>";
			versionGroupType = wrapper.xcdatamodel;
		};
/* End XCVersionGroup section */
	};
	rootObject = 3F4203E51B46E96F00AB519D /* Project object */;
}
